
Microsoft Visual Studio Solution File, Format Version 12.00
# Visual Studio Version 16
VisualStudioVersion = 16.0.33130.400
MinimumVisualStudioVersion = 10.0.40219.1
Project("{FAE04EC0-301F-11D3-BF4B-00C04F79EFBC}") = "Shapes", "Shape\Shapes.csproj", "{93D15EC9-FF34-4598-983D-BF66C6B49646}"
EndProject
Global
	GlobalSection(SolutionConfigurationPlatforms) = preSolution
		Debug|Any CPU = Debug|Any CPU
		Release|Any CPU = Release|Any CPU
	EndGlobalSection
	GlobalSection(ProjectConfigurationPlatforms) = postSolution
		{93D15EC9-FF34-4598-983D-BF66C6B49646}.Debug|Any CPU.ActiveCfg = Debug|Any CPU
		{93D15EC9-FF34-4598-983D-BF66C6B49646}.Debug|Any CPU.Build.0 = Debug|Any CPU
		{93D15EC9-FF34-4598-983D-BF66C6B49646}.Release|Any CPU.ActiveCfg = Release|Any CPU
		{93D15EC9-FF34-4598-983D-BF66C6B49646}.Release|Any CPU.Build.0 = Release|Any CPU
	EndGlobalSection
	GlobalSection(SolutionProperties) = preSolution
		HideSolutionNode = FALSE
	EndGlobalSection
	GlobalSection(ExtensibilityGlobals) = postSolution
		SolutionGuid = {66827427-4AEA-4E37-8BE0-438538337226}
	EndGlobalSection
EndGlobal
